
Microsoft Visual Studio Solution File, Format Version 12.00
# Visual Studio Version 16
VisualStudioVersion = 16.0.33130.400
MinimumVisualStudioVersion = 10.0.40219.1
Project("{8BC9CEB8-8B4A-11D0-8D11-00A0C91BC942}") = "Lecture6_9", "Lecture6_9\Lecture6_9.vcxproj", "{F7BEF49F-DF9B-4F36-8183-E643E91A5B01}"
EndProject
Global
	GlobalSection(SolutionConfigurationPlatforms) = preSolution
		Debug|x64 = Debug|x64
		Debug|x86 = Debug|x86
		Release|x64 = Release|x64
		Release|x86 = Release|x86
	EndGlobalSection
	GlobalSection(ProjectConfigurationPlatforms) = postSolution
		{F7BEF49F-DF9B-4F36-8183-E643E91A5B01}.Debug|x64.ActiveCfg = Debug|x64
		{F7BEF49F-DF9B-4F36-8183-E643E91A5B01}.Debug|x64.Build.0 = Debug|x64
		{F7BEF49F-DF9B-4F36-8183-E643E91A5B01}.Debug|x86.ActiveCfg = Debug|Win32
		{F7BEF49F-DF9B-4F36-8183-E643E91A5B01}.Debug|x86.Build.0 = Debug|Win32
		{F7BEF49F-DF9B-4F36-8183-E643E91A5B01}.Release|x64.ActiveCfg = Release|x64
		{F7BEF49F-DF9B-4F36-8183-E643E91A5B01}.Release|x64.Build.0 = Release|x64
		{F7BEF49F-DF9B-4F36-8183-E643E91A5B01}.Release|x86.ActiveCfg = Release|Win32
		{F7BEF49F-DF9B-4F36-8183-E643E91A5B01}.Release|x86.Build.0 = Release|Win32
	EndGlobalSection
	GlobalSection(SolutionProperties) = preSolution
		HideSolutionNode = FALSE
	EndGlobalSection
	GlobalSection(ExtensibilityGlobals) = postSolution
		SolutionGuid = {1475ADA8-75CB-4014-B404-DC977E1FD9B4}
	EndGlobalSection
EndGlobal
